// !$*UTF8*$!
{
	archiveVersion = 1;
	classes = {
	};
	objectVersion = 77;
	objects = {

/* Begin PBXContainerItemProxy section */
		83FF7DF12CF2BAA4000AD145 /* PBXContainerItemProxy */ = {
			isa = PBXContainerItemProxy;
			containerPortal = 83FF7DD72CF2BAA1000AD145 /* Project object */;
			proxyType = 1;
			remoteGlobalIDString = 83FF7DDE2CF2BAA1000AD145;
			remoteInfo = perpuskan;
		};
		83FF7DFB2CF2BAA4000AD145 /* PBXContainerItemProxy */ = {
			isa = PBXContainerItemProxy;
			containerPortal = 83FF7DD72CF2BAA1000AD145 /* Project object */;
			proxyType = 1;
			remoteGlobalIDString = 83FF7DDE2CF2BAA1000AD145;
			remoteInfo = perpuskan;
		};
/* End PBXContainerItemProxy section */

/* Begin PBXFileReference section */
		839E4F812D00A3EF000168A8 /* SwiftData.framework */ = {isa = PBXFileReference; lastKnownFileType = wrapper.framework; name = SwiftData.framework; path = System/Library/Frameworks/SwiftData.framework; sourceTree = SDKROOT; };
		83FF7DDF2CF2BAA1000AD145 /* perpuskan.app */ = {isa = PBXFileReference; explicitFileType = wrapper.application; includeInIndex = 0; path = perpuskan.app; sourceTree = BUILT_PRODUCTS_DIR; };
		83FF7DF02CF2BAA4000AD145 /* perpuskanTests.xctest */ = {isa = PBXFileReference; explicitFileType = wrapper.cfbundle; includeInIndex = 0; path = perpuskanTests.xctest; sourceTree = BUILT_PRODUCTS_DIR; };
		83FF7DFA2CF2BAA4000AD145 /* perpuskanUITests.xctest */ = {isa = PBXFileReference; explicitFileType = wrapper.cfbundle; includeInIndex = 0; path = perpuskanUITests.xctest; sourceTree = BUILT_PRODUCTS_DIR; };
/* End PBXFileReference section */

/* Begin PBXFileSystemSynchronizedRootGroup section */
		83FF7DE12CF2BAA1000AD145 /* perpuskan */ = {
			isa = PBXFileSystemSynchronizedRootGroup;
			path = perpuskan;
			sourceTree = "<group>";
		};
		83FF7DF32CF2BAA4000AD145 /* perpuskanTests */ = {
			isa = PBXFileSystemSynchronizedRootGroup;
			path = perpuskanTests;
			sourceTree = "<group>";
		};
		83FF7DFD2CF2BAA4000AD145 /* perpuskanUITests */ = {
			isa = PBXFileSystemSynchronizedRootGroup;
			path = perpuskanUITests;
			sourceTree = "<group>";
		};
/* End PBXFileSystemSynchronizedRootGroup section */

/* Begin PBXFrameworksBuildPhase section */
		83FF7DDC2CF2BAA1000AD145 /* Frameworks */ = {
			isa = PBXFrameworksBuildPhase;
			buildActionMask = 2147483647;
			files = (
			);
			runOnlyForDeploymentPostprocessing = 0;
		};
		83FF7DED2CF2BAA4000AD145 /* Frameworks */ = {
			isa = PBXFrameworksBuildPhase;
			buildActionMask = 2147483647;
			files = (
			);
			runOnlyForDeploymentPostprocessing = 0;
		};
		83FF7DF72CF2BAA4000AD145 /* Frameworks */ = {
			isa = PBXFrameworksBuildPhase;
			buildActionMask = 2147483647;
			files = (
			);
			runOnlyForDeploymentPostprocessing = 0;
		};
/* End PBXFrameworksBuildPhase section */

/* Begin PBXGroup section */
		839E4F802D00A3EF000168A8 /* Frameworks */ = {
			isa = PBXGroup;
			children = (
				839E4F812D00A3EF000168A8 /* SwiftData.framework */,
			);
			name = Frameworks;
			sourceTree = "<group>";
		};
		83FF7DD62CF2BAA1000AD145 = {
			isa = PBXGroup;
			children = (
				83FF7DE12CF2BAA1000AD145 /* perpuskan */,
				83FF7DF32CF2BAA4000AD145 /* perpuskanTests */,
				83FF7DFD2CF2BAA4000AD145 /* perpuskanUITests */,
				839E4F802D00A3EF000168A8 /* Frameworks */,
				83FF7DE02CF2BAA1000AD145 /* Products */,
			);
			sourceTree = "<group>";
		};
		83FF7DE02CF2BAA1000AD145 /* Products */ = {
			isa = PBXGroup;
			children = (
				83FF7DDF2CF2BAA1000AD145 /* perpuskan.app */,
				83FF7DF02CF2BAA4000AD145 /* perpuskanTests.xctest */,
				83FF7DFA2CF2BAA4000AD145 /* perpuskanUITests.xctest */,
			);
			name = Products;
			sourceTree = "<group>";
		};
/* End PBXGroup section */

/* Begin PBXNativeTarget section */
		83FF7DDE2CF2BAA1000AD145 /* perpuskan */ = {
			isa = PBXNativeTarget;
			buildConfigurationList = 83FF7E042CF2BAA4000AD145 /* Build configuration list for PBXNativeTarget "perpuskan" */;
			buildPhases = (
				83FF7DDB2CF2BAA1000AD145 /* Sources */,
				83FF7DDC2CF2BAA1000AD145 /* Frameworks */,
				83FF7DDD2CF2BAA1000AD145 /* Resources */,
			);
			buildRules = (
			);
			dependencies = (
			);
			fileSystemSynchronizedGroups = (
				83FF7DE12CF2BAA1000AD145 /* perpuskan */,
			);
			name = perpuskan;
			packageProductDependencies = (
			);
			productName = perpuskan;
			productReference = 83FF7DDF2CF2BAA1000AD145 /* perpuskan.app */;
			productType = "com.apple.product-type.application";
		};
		83FF7DEF2CF2BAA4000AD145 /* perpuskanTests */ = {
			isa = PBXNativeTarget;
			buildConfigurationList = 83FF7E072CF2BAA4000AD145 /* Build configuration list for PBXNativeTarget "perpuskanTests" */;
			buildPhases = (
				83FF7DEC2CF2BAA4000AD145 /* Sources */,
				83FF7DED2CF2BAA4000AD145 /* Frameworks */,
				83FF7DEE2CF2BAA4000AD145 /* Resources */,
			);
			buildRules = (
			);
			dependencies = (
				83FF7DF22CF2BAA4000AD145 /* PBXTargetDependency */,
			);
			fileSystemSynchronizedGroups = (
				83FF7DF32CF2BAA4000AD145 /* perpuskanTests */,
			);
			name = perpuskanTests;
			packageProductDependencies = (
			);
			productName = perpuskanTests;
			productReference = 83FF7DF02CF2BAA4000AD145 /* perpuskanTests.xctest */;
			productType = "com.apple.product-type.bundle.unit-test";
		};
		83FF7DF92CF2BAA4000AD145 /* perpuskanUITests */ = {
			isa = PBXNativeTarget;
			buildConfigurationList = 83FF7E0A2CF2BAA4000AD145 /* Build configuration list for PBXNativeTarget "perpuskanUITests" */;
			buildPhases = (
				83FF7DF62CF2BAA4000AD145 /* Sources */,
				83FF7DF72CF2BAA4000AD145 /* Frameworks */,
				83FF7DF82CF2BAA4000AD145 /* Resources */,
			);
			buildRules = (
			);
			dependencies = (
				83FF7DFC2CF2BAA4000AD145 /* PBXTargetDependency */,
			);
			fileSystemSynchronizedGroups = (
				83FF7DFD2CF2BAA4000AD145 /* perpuskanUITests */,
			);
			name = perpuskanUITests;
			packageProductDependencies = (
			);
			productName = perpuskanUITests;
			productReference = 83FF7DFA2CF2BAA4000AD145 /* perpuskanUITests.xctest */;
			productType = "com.apple.product-type.bundle.ui-testing";
		};
/* End PBXNativeTarget section */

/* Begin PBXProject section */
		83FF7DD72CF2BAA1000AD145 /* Project object */ = {
			isa = PBXProject;
			attributes = {
				BuildIndependentTargetsInParallel = 1;
				LastSwiftUpdateCheck = 1610;
				LastUpgradeCheck = 1610;
				TargetAttributes = {
					83FF7DDE2CF2BAA1000AD145 = {
						CreatedOnToolsVersion = 16.1;
					};
					83FF7DEF2CF2BAA4000AD145 = {
						CreatedOnToolsVersion = 16.1;
						TestTargetID = 83FF7DDE2CF2BAA1000AD145;
					};
					83FF7DF92CF2BAA4000AD145 = {
						CreatedOnToolsVersion = 16.1;
						TestTargetID = 83FF7DDE2CF2BAA1000AD145;
					};
				};
			};
			buildConfigurationList = 83FF7DDA2CF2BAA1000AD145 /* Build configuration list for PBXProject "perpuskan" */;
			developmentRegion = en;
			hasScannedForEncodings = 0;
			knownRegions = (
				en,
				Base,
			);
			mainGroup = 83FF7DD62CF2BAA1000AD145;
			minimizedProjectReferenceProxies = 1;
			packageReferences = (
			);
			preferredProjectObjectVersion = 77;
			productRefGroup = 83FF7DE02CF2BAA1000AD145 /* Products */;
			projectDirPath = "";
			projectRoot = "";
			targets = (
				83FF7DDE2CF2BAA1000AD145 /* perpuskan */,
				83FF7DEF2CF2BAA4000AD145 /* perpuskanTests */,
				83FF7DF92CF2BAA4000AD145 /* perpuskanUITests */,
			);
		};
/* End PBXProject section */

/* Begin PBXResourcesBuildPhase section */
		83FF7DDD2CF2BAA1000AD145 /* Resources */ = {
			isa = PBXResourcesBuildPhase;
			buildActionMask = 2147483647;
			files = (
			);
			runOnlyForDeploymentPostprocessing = 0;
		};
		83FF7DEE2CF2BAA4000AD145 /* Resources */ = {
			isa = PBXResourcesBuildPhase;
			buildActionMask = 2147483647;
			files = (
			);
			runOnlyForDeploymentPostprocessing = 0;
		};
		83FF7DF82CF2BAA4000AD145 /* Resources */ = {
			isa = PBXResourcesBuildPhase;
			buildActionMask = 2147483647;
			files = (
			);
			runOnlyForDeploymentPostprocessing = 0;
		};
/* End PBXResourcesBuildPhase section */

/* Begin PBXSourcesBuildPhase section */
		83FF7DDB2CF2BAA1000AD145 /* Sources */ = {
			isa = PBXSourcesBuildPhase;
			buildActionMask = 2147483647;
			files = (
			);
			runOnlyForDeploymentPostprocessing = 0;
		};
		83FF7DEC2CF2BAA4000AD145 /* Sources */ = {
			isa = PBXSourcesBuildPhase;
			buildActionMask = 2147483647;
			files = (
			);
			runOnlyForDeploymentPostprocessing = 0;
		};
		83FF7DF62CF2BAA4000AD145 /* Sources */ = {
			isa = PBXSourcesBuildPhase;
			buildActionMask = 2147483647;
			files = (
			);
			runOnlyForDeploymentPostprocessing = 0;
		};
/* End PBXSourcesBuildPhase section */

/* Begin PBXTargetDependency section */
		83FF7DF22CF2BAA4000AD145 /* PBXTargetDependency */ = {
			isa = PBXTargetDependency;
			target = 83FF7DDE2CF2BAA1000AD145 /* perpuskan */;
			targetProxy = 83FF7DF12CF2BAA4000AD145 /* PBXContainerItemProxy */;
		};
		83FF7DFC2CF2BAA4000AD145 /* PBXTargetDependency */ = {
			isa = PBXTargetDependency;
			target = 83FF7DDE2CF2BAA1000AD145 /* perpuskan */;
			targetProxy = 83FF7DFB2CF2BAA4000AD145 /* PBXContainerItemProxy */;
		};
/* End PBXTargetDependency section */

/* Begin XCBuildConfiguration section */
		83FF7E022CF2BAA4000AD145 /* Debug */ = {
			isa = XCBuildConfiguration;
			buildSettings = {
				ALWAYS_SEARCH_USER_PATHS = NO;
				ASSETCATALOG_COMPILER_GENERATE_SWIFT_ASSET_SYMBOL_EXTENSIONS = YES;
				CLANG_ANALYZER_NONNULL = YES;
				CLANG_ANALYZER_NUMBER_OBJECT_CONVERSION = YES_AGGRESSIVE;
				CLANG_CXX_LANGUAGE_STANDARD = "gnu++20";
				CLANG_ENABLE_MODULES = YES;
				CLANG_ENABLE_OBJC_ARC = YES;
				CLANG_ENABLE_OBJC_WEAK = YES;
				CLANG_WARN_BLOCK_CAPTURE_AUTORELEASING = YES;
				CLANG_WARN_BOOL_CONVERSION = YES;
				CLANG_WARN_COMMA = YES;
				CLANG_WARN_CONSTANT_CONVERSION = YES;
				CLANG_WARN_DEPRECATED_OBJC_IMPLEMENTATIONS = YES;
				CLANG_WARN_DIRECT_OBJC_ISA_USAGE = YES_ERROR;
				CLANG_WARN_DOCUMENTATION_COMMENTS = YES;
				CLANG_WARN_EMPTY_BODY = YES;
				CLANG_WARN_ENUM_CONVERSION = YES;
				CLANG_WARN_INFINITE_RECURSION = YES;
				CLANG_WARN_INT_CONVERSION = YES;
				CLANG_WARN_NON_LITERAL_NULL_CONVERSION = YES;
				CLANG_WARN_OBJC_IMPLICIT_RETAIN_SELF = YES;
				CLANG_WARN_OBJC_LITERAL_CONVERSION = YES;
				CLANG_WARN_OBJC_ROOT_CLASS = YES_ERROR;
				CLANG_WARN_QUOTED_INCLUDE_IN_FRAMEWORK_HEADER = YES;
				CLANG_WARN_RANGE_LOOP_ANALYSIS = YES;
				CLANG_WARN_STRICT_PROTOTYPES = YES;
				CLANG_WARN_SUSPICIOUS_MOVE = YES;
				CLANG_WARN_UNGUARDED_AVAILABILITY = YES_AGGRESSIVE;
				CLANG_WARN_UNREACHABLE_CODE = YES;
				CLANG_WARN__DUPLICATE_METHOD_MATCH = YES;
				COPY_PHASE_STRIP = NO;
				DEBUG_INFORMATION_FORMAT = dwarf;
				ENABLE_STRICT_OBJC_MSGSEND = YES;
				ENABLE_TESTABILITY = YES;
				ENABLE_USER_SCRIPT_SANDBOXING = YES;
				GCC_C_LANGUAGE_STANDARD = gnu17;
				GCC_DYNAMIC_NO_PIC = NO;
				GCC_NO_COMMON_BLOCKS = YES;
				GCC_OPTIMIZATION_LEVEL = 0;
				GCC_PREPROCESSOR_DEFINITIONS = (
					"DEBUG=1",
					"$(inherited)",
				);
				GCC_WARN_64_TO_32_BIT_CONVERSION = YES;
				GCC_WARN_ABOUT_RETURN_TYPE = YES_ERROR;
				GCC_WARN_UNDECLARED_SELECTOR = YES;
				GCC_WARN_UNINITIALIZED_AUTOS = YES_AGGRESSIVE;
				GCC_WARN_UNUSED_FUNCTION = YES;
				GCC_WARN_UNUSED_VARIABLE = YES;
				LOCALIZATION_PREFERS_STRING_CATALOGS = YES;
				MACOSX_DEPLOYMENT_TARGET = 14.6;
				MTL_ENABLE_DEBUG_INFO = INCLUDE_SOURCE;
				MTL_FAST_MATH = YES;
				ONLY_ACTIVE_ARCH = YES;
				SDKROOT = iphoneos;
				SWIFT_ACTIVE_COMPILATION_CONDITIONS = "DEBUG $(inherited)";
				SWIFT_OPTIMIZATION_LEVEL = "-Onone";
			};
			name = Debug;
		};
		83FF7E032CF2BAA4000AD145 /* Release */ = {
			isa = XCBuildConfiguration;
			buildSettings = {
				ALWAYS_SEARCH_USER_PATHS = NO;
				ASSETCATALOG_COMPILER_GENERATE_SWIFT_ASSET_SYMBOL_EXTENSIONS = YES;
				CLANG_ANALYZER_NONNULL = YES;
				CLANG_ANALYZER_NUMBER_OBJECT_CONVERSION = YES_AGGRESSIVE;
				CLANG_CXX_LANGUAGE_STANDARD = "gnu++20";
				CLANG_ENABLE_MODULES = YES;
				CLANG_ENABLE_OBJC_ARC = YES;
				CLANG_ENABLE_OBJC_WEAK = YES;
				CLANG_WARN_BLOCK_CAPTURE_AUTORELEASING = YES;
				CLANG_WARN_BOOL_CONVERSION = YES;
				CLANG_WARN_COMMA = YES;
				CLANG_WARN_CONSTANT_CONVERSION = YES;
				CLANG_WARN_DEPRECATED_OBJC_IMPLEMENTATIONS = YES;
				CLANG_WARN_DIRECT_OBJC_ISA_USAGE = YES_ERROR;
				CLANG_WARN_DOCUMENTATION_COMMENTS = YES;
				CLANG_WARN_EMPTY_BODY = YES;
				CLANG_WARN_ENUM_CONVERSION = YES;
				CLANG_WARN_INFINITE_RECURSION = YES;
				CLANG_WARN_INT_CONVERSION = YES;
				CLANG_WARN_NON_LITERAL_NULL_CONVERSION = YES;
				CLANG_WARN_OBJC_IMPLICIT_RETAIN_SELF = YES;
				CLANG_WARN_OBJC_LITERAL_CONVERSION = YES;
				CLANG_WARN_OBJC_ROOT_CLASS = YES_ERROR;
				CLANG_WARN_QUOTED_INCLUDE_IN_FRAMEWORK_HEADER = YES;
				CLANG_WARN_RANGE_LOOP_ANALYSIS = YES;
				CLANG_WARN_STRICT_PROTOTYPES = YES;
				CLANG_WARN_SUSPICIOUS_MOVE = YES;
				CLANG_WARN_UNGUARDED_AVAILABILITY = YES_AGGRESSIVE;
				CLANG_WARN_UNREACHABLE_CODE = YES;
				CLANG_WARN__DUPLICATE_METHOD_MATCH = YES;
				COPY_PHASE_STRIP = NO;
				DEBUG_INFORMATION_FORMAT = "dwarf-with-dsym";
				ENABLE_NS_ASSERTIONS = NO;
				ENABLE_STRICT_OBJC_MSGSEND = YES;
				ENABLE_USER_SCRIPT_SANDBOXING = YES;
				GCC_C_LANGUAGE_STANDARD = gnu17;
				GCC_NO_COMMON_BLOCKS = YES;
				GCC_WARN_64_TO_32_BIT_CONVERSION = YES;
				GCC_WARN_ABOUT_RETURN_TYPE = YES_ERROR;
				GCC_WARN_UNDECLARED_SELECTOR = YES;
				GCC_WARN_UNINITIALIZED_AUTOS = YES_AGGRESSIVE;
				GCC_WARN_UNUSED_FUNCTION = YES;
				GCC_WARN_UNUSED_VARIABLE = YES;
				LOCALIZATION_PREFERS_STRING_CATALOGS = YES;
				MACOSX_DEPLOYMENT_TARGET = 14.6;
				MTL_ENABLE_DEBUG_INFO = NO;
				MTL_FAST_MATH = YES;
				SDKROOT = iphoneos;
				SWIFT_COMPILATION_MODE = wholemodule;
			};
			name = Release;
		};
		83FF7E052CF2BAA4000AD145 /* Debug */ = {
			isa = XCBuildConfiguration;
			buildSettings = {
				ASSETCATALOG_COMPILER_APPICON_NAME = AppIcon;
				ASSETCATALOG_COMPILER_GLOBAL_ACCENT_COLOR_NAME = AccentColor;
				CODE_SIGN_ENTITLEMENTS = perpuskan/perpuskan.entitlements;
				CODE_SIGN_STYLE = Automatic;
				COMBINE_HIDPI_IMAGES = YES;
				CURRENT_PROJECT_VERSION = 1;
				DEVELOPMENT_ASSET_PATHS = "\"perpuskan/Preview Content\"";
				DEVELOPMENT_TEAM = 8827RTH7WA;
				ENABLE_HARDENED_RUNTIME = YES;
				ENABLE_PREVIEWS = YES;
				GENERATE_INFOPLIST_FILE = YES;
				INFOPLIST_KEY_NSHumanReadableCopyright = "";
				LD_RUNPATH_SEARCH_PATHS = (
					"$(inherited)",
					"@executable_path/../Frameworks",
				);
				MARKETING_VERSION = 1.0;
				PRODUCT_BUNDLE_IDENTIFIER = com.marcelljw.perpuskan;
				PRODUCT_NAME = "$(TARGET_NAME)";
				SWIFT_EMIT_LOC_STRINGS = YES;
				SWIFT_VERSION = 5.0;
			};
			name = Debug;
		};
		83FF7E062CF2BAA4000AD145 /* Release */ = {
			isa = XCBuildConfiguration;
			buildSettings = {
				ASSETCATALOG_COMPILER_APPICON_NAME = AppIcon;
				ASSETCATALOG_COMPILER_GLOBAL_ACCENT_COLOR_NAME = AccentColor;
				CODE_SIGN_ENTITLEMENTS = perpuskan/perpuskan.entitlements;
				CODE_SIGN_STYLE = Automatic;
				COMBINE_HIDPI_IMAGES = YES;
				CURRENT_PROJECT_VERSION = 1;
				DEVELOPMENT_ASSET_PATHS = "\"perpuskan/Preview Content\"";
				DEVELOPMENT_TEAM = 8827RTH7WA;
				ENABLE_HARDENED_RUNTIME = YES;
				ENABLE_PREVIEWS = YES;
				GENERATE_INFOPLIST_FILE = YES;
				INFOPLIST_KEY_NSHumanReadableCopyright = "";
				LD_RUNPATH_SEARCH_PATHS = (
					"$(inherited)",
					"@executable_path/../Frameworks",
				);
				MARKETING_VERSION = 1.0;
				PRODUCT_BUNDLE_IDENTIFIER = com.marcelljw.perpuskan;
				PRODUCT_NAME = "$(TARGET_NAME)";
				SWIFT_EMIT_LOC_STRINGS = YES;
				SWIFT_VERSION = 5.0;
			};
			name = Release;
		};
		83FF7E082CF2BAA4000AD145 /* Debug */ = {
			isa = XCBuildConfiguration;
			buildSettings = {
				BUNDLE_LOADER = "$(TEST_HOST)";
				CODE_SIGN_STYLE = Automatic;
				CURRENT_PROJECT_VERSION = 1;
				DEVELOPMENT_TEAM = 8827RTH7WA;
				GENERATE_INFOPLIST_FILE = YES;
				MACOSX_DEPLOYMENT_TARGET = 14.6;
				MARKETING_VERSION = 1.0;
				PRODUCT_BUNDLE_IDENTIFIER = com.marcelljw.perpuskanTests;
				PRODUCT_NAME = "$(TARGET_NAME)";
				SWIFT_EMIT_LOC_STRINGS = NO;
				SWIFT_VERSION = 5.0;
				TEST_HOST = "$(BUILT_PRODUCTS_DIR)/perpuskan.app/$(BUNDLE_EXECUTABLE_FOLDER_PATH)/perpuskan";
			};
			name = Debug;
		};
		83FF7E092CF2BAA4000AD145 /* Release */ = {
			isa = XCBuildConfiguration;
			buildSettings = {
				BUNDLE_LOADER = "$(TEST_HOST)";
				CODE_SIGN_STYLE = Automatic;
				CURRENT_PROJECT_VERSION = 1;
				DEVELOPMENT_TEAM = 8827RTH7WA;
				GENERATE_INFOPLIST_FILE = YES;
				MACOSX_DEPLOYMENT_TARGET = 14.6;
				MARKETING_VERSION = 1.0;
				PRODUCT_BUNDLE_IDENTIFIER = com.marcelljw.perpuskanTests;
				PRODUCT_NAME = "$(TARGET_NAME)";
				SWIFT_EMIT_LOC_STRINGS = NO;
				SWIFT_VERSION = 5.0;
				TEST_HOST = "$(BUILT_PRODUCTS_DIR)/perpuskan.app/$(BUNDLE_EXECUTABLE_FOLDER_PATH)/perpuskan";
			};
			name = Release;
		};
		83FF7E0B2CF2BAA4000AD145 /* Debug */ = {
			isa = XCBuildConfiguration;
			buildSettings = {
				CODE_SIGN_STYLE = Automatic;
				CURRENT_PROJECT_VERSION = 1;
				DEVELOPMENT_TEAM = 8827RTH7WA;
				GENERATE_INFOPLIST_FILE = YES;
				MARKETING_VERSION = 1.0;
				PRODUCT_BUNDLE_IDENTIFIER = com.marcelljw.perpuskanUITests;
				PRODUCT_NAME = "$(TARGET_NAME)";
				SWIFT_EMIT_LOC_STRINGS = NO;
				SWIFT_VERSION = 5.0;
				TEST_TARGET_NAME = perpuskan;
			};
			name = Debug;
		};
		83FF7E0C2CF2BAA4000AD145 /* Release */ = {
			isa = XCBuildConfiguration;
			buildSettings = {
				CODE_SIGN_STYLE = Automatic;
				CURRENT_PROJECT_VERSION = 1;
				DEVELOPMENT_TEAM = 8827RTH7WA;
				GENERATE_INFOPLIST_FILE = YES;
				MARKETING_VERSION = 1.0;
				PRODUCT_BUNDLE_IDENTIFIER = com.marcelljw.perpuskanUITests;
				PRODUCT_NAME = "$(TARGET_NAME)";
				SWIFT_EMIT_LOC_STRINGS = NO;
				SWIFT_VERSION = 5.0;
				TEST_TARGET_NAME = perpuskan;
			};
			name = Release;
		};
/* End XCBuildConfiguration section */

/* Begin XCConfigurationList section */
		83FF7DDA2CF2BAA1000AD145 /* Build configuration list for PBXProject "perpuskan" */ = {
			isa = XCConfigurationList;
			buildConfigurations = (
				83FF7E022CF2BAA4000AD145 /* Debug */,
				83FF7E032CF2BAA4000AD145 /* Release */,
			);
			defaultConfigurationIsVisible = 0;
			defaultConfigurationName = Release;
		};
		83FF7E042CF2BAA4000AD145 /* Build configuration list for PBXNativeTarget "perpuskan" */ = {
			isa = XCConfigurationList;
			buildConfigurations = (
				83FF7E052CF2BAA4000AD145 /* Debug */,
				83FF7E062CF2BAA4000AD145 /* Release */,
			);
			defaultConfigurationIsVisible = 0;
			defaultConfigurationName = Release;
		};
		83FF7E072CF2BAA4000AD145 /* Build configuration list for PBXNativeTarget "perpuskanTests" */ = {
			isa = XCConfigurationList;
			buildConfigurations = (
				83FF7E082CF2BAA4000AD145 /* Debug */,
				83FF7E092CF2BAA4000AD145 /* Release */,
			);
			defaultConfigurationIsVisible = 0;
			defaultConfigurationName = Release;
		};
		83FF7E0A2CF2BAA4000AD145 /* Build configuration list for PBXNativeTarget "perpuskanUITests" */ = {
			isa = XCConfigurationList;
			buildConfigurations = (
				83FF7E0B2CF2BAA4000AD145 /* Debug */,
				83FF7E0C2CF2BAA4000AD145 /* Release */,
			);
			defaultConfigurationIsVisible = 0;
			defaultConfigurationName = Release;
		};
/* End XCConfigurationList section */
	};
	rootObject = 83FF7DD72CF2BAA1000AD145 /* Project object */;
}
